Microsoft Visual Studio Solution File, Format Version 12.00
# Visual Studio Version 17
VisualStudioVersion = 17.13.35931.197 d17.13
MinimumVisualStudioVersion = 10.0.40219.1
Project("{FAE04EC0-301F-11D3-BF4B-00C04F79EFBC}") = "AspirePocApp.AppHost", "AspirePocApp.AppHost\AspirePocApp.AppHost.csproj", "{90B6C745-7277-4EB4-9892-69AC662304EC}"
EndProject
Project("{FAE04EC0-301F-11D3-BF4B-00C04F79EFBC}") = "AspirePocApp.ServiceDefaults", "AspirePocApp.ServiceDefaults\AspirePocApp.ServiceDefaults.csproj", "{2D00CBA1-5096-32CF-7BCF-5D1BC714398E}"
EndProject
Project("{FAE04EC0-301F-11D3-BF4B-00C04F79EFBC}") = "GetTime_FunctionApp", "GetTime_FunctionApp\GetTime_FunctionApp.csproj", "{E2AD323C-3131-EF76-B882-A68FE326DF00}"
EndProject
Global
	GlobalSection(SolutionConfigurationPlatforms) = preSolution
		Debug|Any CPU = Debug|Any CPU
		Release|Any CPU = Release|Any CPU
	EndGlobalSection
	GlobalSection(ProjectConfigurationPlatforms) = postSolution
		{90B6C745-7277-4EB4-9892-69AC662304EC}.Debug|Any CPU.ActiveCfg = Debug|Any CPU
		{90B6C745-7277-4EB4-9892-69AC662304EC}.Debug|Any CPU.Build.0 = Debug|Any CPU
		{90B6C745-7277-4EB4-9892-69AC662304EC}.Release|Any CPU.ActiveCfg = Release|Any CPU
		{90B6C745-7277-4EB4-9892-69AC662304EC}.Release|Any CPU.Build.0 = Release|Any CPU
		{2D00CBA1-5096-32CF-7BCF-5D1BC714398E}.Debug|Any CPU.ActiveCfg = Debug|Any CPU
		{2D00CBA1-5096-32CF-7BCF-5D1BC714398E}.Debug|Any CPU.Build.0 = Debug|Any CPU
		{2D00CBA1-5096-32CF-7BCF-5D1BC714398E}.Release|Any CPU.ActiveCfg = Release|Any CPU
		{2D00CBA1-5096-32CF-7BCF-5D1BC714398E}.Release|Any CPU.Build.0 = Release|Any CPU
		{E2AD323C-3131-EF76-B882-A68FE326DF00}.Debug|Any CPU.ActiveCfg = Debug|Any CPU
		{E2AD323C-3131-EF76-B882-A68FE326DF00}.Debug|Any CPU.Build.0 = Debug|Any CPU
		{E2AD323C-3131-EF76-B882-A68FE326DF00}.Release|Any CPU.ActiveCfg = Release|Any CPU
		{E2AD323C-3131-EF76-B882-A68FE326DF00}.Release|Any CPU.Build.0 = Release|Any CPU
	EndGlobalSection
	GlobalSection(SolutionProperties) = preSolution
		HideSolutionNode = FALSE
	EndGlobalSection
	GlobalSection(ExtensibilityGlobals) = postSolution
		SolutionGuid = {D7E9FDA3-35E5-43EE-B244-EFF6956AB862}
	EndGlobalSection
EndGlobal
